// !$*UTF8*$!
{
	archiveVersion = 1;
	classes = {
	};
	objectVersion = 56;
	objects = {

/* Begin PBXBuildFile section */
		6E34E0D22B8BB55B00AACB21 /* MockURLProtocol.swift in Sources */ = {isa = PBXBuildFile; fileRef = 6E34E0D12B8BB55B00AACB21 /* MockURLProtocol.swift */; };
		6E34E0D42B8BBBAC00AACB21 /* APiProviderTests.swift in Sources */ = {isa = PBXBuildFile; fileRef = 6E34E0D32B8BBBAC00AACB21 /* APiProviderTests.swift */; };
		6E34E0D62B8DD39200AACB21 /* MockHeroes.json in Resources */ = {isa = PBXBuildFile; fileRef = 6E34E0D52B8DD39200AACB21 /* MockHeroes.json */; };
		6E34E0DC2B8DD3E900AACB21 /* MockTransform.json in Resources */ = {isa = PBXBuildFile; fileRef = 6E34E0DB2B8DD3E900AACB21 /* MockTransform.json */; };
		6E34E0DE2B8DD3F900AACB21 /* MockLocation.json in Resources */ = {isa = PBXBuildFile; fileRef = 6E34E0DD2B8DD3F900AACB21 /* MockLocation.json */; };
		6E6A33AE2B84D6D600E18333 /* HeroesViewModel.swift in Sources */ = {isa = PBXBuildFile; fileRef = 6E6A33AD2B84D6D600E18333 /* HeroesViewModel.swift */; };
		6E6A33AF2B84D6D600E18333 /* HeroesViewModel.swift in Sources */ = {isa = PBXBuildFile; fileRef = 6E6A33AD2B84D6D600E18333 /* HeroesViewModel.swift */; };
		6E6A33B02B84D6D600E18333 /* HeroesViewModel.swift in Sources */ = {isa = PBXBuildFile; fileRef = 6E6A33AD2B84D6D600E18333 /* HeroesViewModel.swift */; };
		6E6A33B22B84D6E300E18333 /* DetailViewModel.swift in Sources */ = {isa = PBXBuildFile; fileRef = 6E6A33B12B84D6E300E18333 /* DetailViewModel.swift */; };
		6E6A33B32B84D6E300E18333 /* DetailViewModel.swift in Sources */ = {isa = PBXBuildFile; fileRef = 6E6A33B12B84D6E300E18333 /* DetailViewModel.swift */; };
		6E6A33B42B84D6E300E18333 /* DetailViewModel.swift in Sources */ = {isa = PBXBuildFile; fileRef = 6E6A33B12B84D6E300E18333 /* DetailViewModel.swift */; };
		6E6A33B92B85508000E18333 /* KeychainSwift in Frameworks */ = {isa = PBXBuildFile; productRef = 6E6A33B82B85508000E18333 /* KeychainSwift */; };
		6E6A33BB2B8551B300E18333 /* SecureData.swift in Sources */ = {isa = PBXBuildFile; fileRef = 6E6A33BA2B8551B300E18333 /* SecureData.swift */; };
		6E6A33BC2B8551B300E18333 /* SecureData.swift in Sources */ = {isa = PBXBuildFile; fileRef = 6E6A33BA2B8551B300E18333 /* SecureData.swift */; };
		6E6A33BD2B8551B300E18333 /* SecureData.swift in Sources */ = {isa = PBXBuildFile; fileRef = 6E6A33BA2B8551B300E18333 /* SecureData.swift */; };
		6EA5D48D2B7E849200F901A6 /* UIImage+URL+Gif.swift in Sources */ = {isa = PBXBuildFile; fileRef = 6EA5D48C2B7E849200F901A6 /* UIImage+URL+Gif.swift */; };
		6EA5D48E2B7E849200F901A6 /* UIImage+URL+Gif.swift in Sources */ = {isa = PBXBuildFile; fileRef = 6EA5D48C2B7E849200F901A6 /* UIImage+URL+Gif.swift */; };
		6EA5D48F2B7E849200F901A6 /* UIImage+URL+Gif.swift in Sources */ = {isa = PBXBuildFile; fileRef = 6EA5D48C2B7E849200F901A6 /* UIImage+URL+Gif.swift */; };
		6EBB2D782B7CB19500B827C5 /* AppDelegate.swift in Sources */ = {isa = PBXBuildFile; fileRef = 6EBB2D772B7CB19500B827C5 /* AppDelegate.swift */; };
		6EBB2D7A2B7CB19500B827C5 /* SceneDelegate.swift in Sources */ = {isa = PBXBuildFile; fileRef = 6EBB2D792B7CB19500B827C5 /* SceneDelegate.swift */; };
		6EBB2D812B7CB19600B827C5 /* Assets.xcassets in Resources */ = {isa = PBXBuildFile; fileRef = 6EBB2D802B7CB19600B827C5 /* Assets.xcassets */; };
		6EBB2D8F2B7CB19600B827C5 /* Practica_IOSAvanzado_AGGATests.swift in Sources */ = {isa = PBXBuildFile; fileRef = 6EBB2D8E2B7CB19600B827C5 /* Practica_IOSAvanzado_AGGATests.swift */; };
		6EBB2D992B7CB19600B827C5 /* Practica_IOSAvanzado_AGGAUITests.swift in Sources */ = {isa = PBXBuildFile; fileRef = 6EBB2D982B7CB19600B827C5 /* Practica_IOSAvanzado_AGGAUITests.swift */; };
		6EBB2D9B2B7CB19600B827C5 /* Practica_IOSAvanzado_AGGAUITestsLaunchTests.swift in Sources */ = {isa = PBXBuildFile; fileRef = 6EBB2D9A2B7CB19600B827C5 /* Practica_IOSAvanzado_AGGAUITestsLaunchTests.swift */; };
		6EBB2DB12B7CB30500B827C5 /* Model.xcdatamodeld in Sources */ = {isa = PBXBuildFile; fileRef = 6EBB2DAF2B7CB30500B827C5 /* Model.xcdatamodeld */; };
		6EBB2DB22B7CB30500B827C5 /* Model.xcdatamodeld in Sources */ = {isa = PBXBuildFile; fileRef = 6EBB2DAF2B7CB30500B827C5 /* Model.xcdatamodeld */; };
		6EBB2DB32B7CB30500B827C5 /* Model.xcdatamodeld in Sources */ = {isa = PBXBuildFile; fileRef = 6EBB2DAF2B7CB30500B827C5 /* Model.xcdatamodeld */; };
		6EBB2DB52B7CB57E00B827C5 /* NetworkErrors.swift in Sources */ = {isa = PBXBuildFile; fileRef = 6EBB2DB42B7CB57E00B827C5 /* NetworkErrors.swift */; };
		6EBB2DB62B7CB57E00B827C5 /* NetworkErrors.swift in Sources */ = {isa = PBXBuildFile; fileRef = 6EBB2DB42B7CB57E00B827C5 /* NetworkErrors.swift */; };
		6EBB2DB72B7CB57E00B827C5 /* NetworkErrors.swift in Sources */ = {isa = PBXBuildFile; fileRef = 6EBB2DB42B7CB57E00B827C5 /* NetworkErrors.swift */; };
		6EBB2DBA2B7CB72600B827C5 /* StoreDataProvider.swift in Sources */ = {isa = PBXBuildFile; fileRef = 6EBB2DB92B7CB72600B827C5 /* StoreDataProvider.swift */; };
		6EBB2DBB2B7CB72600B827C5 /* StoreDataProvider.swift in Sources */ = {isa = PBXBuildFile; fileRef = 6EBB2DB92B7CB72600B827C5 /* StoreDataProvider.swift */; };
		6EBB2DBC2B7CB72600B827C5 /* StoreDataProvider.swift in Sources */ = {isa = PBXBuildFile; fileRef = 6EBB2DB92B7CB72600B827C5 /* StoreDataProvider.swift */; };
		6EC0928A2B86088500EACE0E /* HeroesViewController.swift in Sources */ = {isa = PBXBuildFile; fileRef = 6EC092882B86088500EACE0E /* HeroesViewController.swift */; };
		6EC0928B2B86088500EACE0E /* HeroesViewController.swift in Sources */ = {isa = PBXBuildFile; fileRef = 6EC092882B86088500EACE0E /* HeroesViewController.swift */; };
		6EC0928C2B86088500EACE0E /* HeroesViewController.swift in Sources */ = {isa = PBXBuildFile; fileRef = 6EC092882B86088500EACE0E /* HeroesViewController.swift */; };
		6EC0928D2B86088500EACE0E /* HeroesViewController.xib in Resources */ = {isa = PBXBuildFile; fileRef = 6EC092892B86088500EACE0E /* HeroesViewController.xib */; };
		6EC0928E2B86088500EACE0E /* HeroesViewController.xib in Resources */ = {isa = PBXBuildFile; fileRef = 6EC092892B86088500EACE0E /* HeroesViewController.xib */; };
		6EC0928F2B86088500EACE0E /* HeroesViewController.xib in Resources */ = {isa = PBXBuildFile; fileRef = 6EC092892B86088500EACE0E /* HeroesViewController.xib */; };
		6EC092922B86089100EACE0E /* DetailViewController.swift in Sources */ = {isa = PBXBuildFile; fileRef = 6EC092902B86089100EACE0E /* DetailViewController.swift */; };
		6EC092932B86089100EACE0E /* DetailViewController.swift in Sources */ = {isa = PBXBuildFile; fileRef = 6EC092902B86089100EACE0E /* DetailViewController.swift */; };
		6EC092942B86089100EACE0E /* DetailViewController.swift in Sources */ = {isa = PBXBuildFile; fileRef = 6EC092902B86089100EACE0E /* DetailViewController.swift */; };
		6EC092952B86089100EACE0E /* DetailViewController.xib in Resources */ = {isa = PBXBuildFile; fileRef = 6EC092912B86089100EACE0E /* DetailViewController.xib */; };
		6EC092962B86089100EACE0E /* DetailViewController.xib in Resources */ = {isa = PBXBuildFile; fileRef = 6EC092912B86089100EACE0E /* DetailViewController.xib */; };
		6EC092972B86089100EACE0E /* DetailViewController.xib in Resources */ = {isa = PBXBuildFile; fileRef = 6EC092912B86089100EACE0E /* DetailViewController.xib */; };
		6EC0929A2B860DAF00EACE0E /* HeroesViewCell.swift in Sources */ = {isa = PBXBuildFile; fileRef = 6EC092982B860DAF00EACE0E /* HeroesViewCell.swift */; };
		6EC0929B2B860DAF00EACE0E /* HeroesViewCell.swift in Sources */ = {isa = PBXBuildFile; fileRef = 6EC092982B860DAF00EACE0E /* HeroesViewCell.swift */; };
		6EC0929C2B860DAF00EACE0E /* HeroesViewCell.swift in Sources */ = {isa = PBXBuildFile; fileRef = 6EC092982B860DAF00EACE0E /* HeroesViewCell.swift */; };
		6EC0929D2B860DAF00EACE0E /* HeroesViewCell.xib in Resources */ = {isa = PBXBuildFile; fileRef = 6EC092992B860DAF00EACE0E /* HeroesViewCell.xib */; };
		6EC0929E2B860DAF00EACE0E /* HeroesViewCell.xib in Resources */ = {isa = PBXBuildFile; fileRef = 6EC092992B860DAF00EACE0E /* HeroesViewCell.xib */; };
		6EC0929F2B860DAF00EACE0E /* HeroesViewCell.xib in Resources */ = {isa = PBXBuildFile; fileRef = 6EC092992B860DAF00EACE0E /* HeroesViewCell.xib */; };
		6EC092A12B8623B100EACE0E /* UICell+Reuse.swift in Sources */ = {isa = PBXBuildFile; fileRef = 6EC092A02B8623B100EACE0E /* UICell+Reuse.swift */; };
		6EC092A22B8623B100EACE0E /* UICell+Reuse.swift in Sources */ = {isa = PBXBuildFile; fileRef = 6EC092A02B8623B100EACE0E /* UICell+Reuse.swift */; };
		6EC092A32B8623B100EACE0E /* UICell+Reuse.swift in Sources */ = {isa = PBXBuildFile; fileRef = 6EC092A02B8623B100EACE0E /* UICell+Reuse.swift */; };
		6EC092A72B87E89200EACE0E /* HeroAnnotation.swift in Sources */ = {isa = PBXBuildFile; fileRef = 6EC092A62B87E89200EACE0E /* HeroAnnotation.swift */; };
		6EC092A82B87E89200EACE0E /* HeroAnnotation.swift in Sources */ = {isa = PBXBuildFile; fileRef = 6EC092A62B87E89200EACE0E /* HeroAnnotation.swift */; };
		6EC092A92B87E89200EACE0E /* HeroAnnotation.swift in Sources */ = {isa = PBXBuildFile; fileRef = 6EC092A62B87E89200EACE0E /* HeroAnnotation.swift */; };
		6EC092AC2B87F1AF00EACE0E /* DetailCollectionViewCell.swift in Sources */ = {isa = PBXBuildFile; fileRef = 6EC092AA2B87F1AF00EACE0E /* DetailCollectionViewCell.swift */; };
		6EC092AD2B87F1AF00EACE0E /* DetailCollectionViewCell.swift in Sources */ = {isa = PBXBuildFile; fileRef = 6EC092AA2B87F1AF00EACE0E /* DetailCollectionViewCell.swift */; };
		6EC092AE2B87F1AF00EACE0E /* DetailCollectionViewCell.swift in Sources */ = {isa = PBXBuildFile; fileRef = 6EC092AA2B87F1AF00EACE0E /* DetailCollectionViewCell.swift */; };
		6EC092AF2B87F1AF00EACE0E /* DetailCollectionViewCell.xib in Resources */ = {isa = PBXBuildFile; fileRef = 6EC092AB2B87F1AF00EACE0E /* DetailCollectionViewCell.xib */; };
		6EC092B02B87F1AF00EACE0E /* DetailCollectionViewCell.xib in Resources */ = {isa = PBXBuildFile; fileRef = 6EC092AB2B87F1AF00EACE0E /* DetailCollectionViewCell.xib */; };
		6EC092B12B87F1AF00EACE0E /* DetailCollectionViewCell.xib in Resources */ = {isa = PBXBuildFile; fileRef = 6EC092AB2B87F1AF00EACE0E /* DetailCollectionViewCell.xib */; };
		6EEBA04A2B7F3E0B0085B788 /* LoginViewController.swift in Sources */ = {isa = PBXBuildFile; fileRef = 6EEBA0482B7F3E0B0085B788 /* LoginViewController.swift */; };
		6EEBA04B2B7F3E0B0085B788 /* LoginViewController.swift in Sources */ = {isa = PBXBuildFile; fileRef = 6EEBA0482B7F3E0B0085B788 /* LoginViewController.swift */; };
		6EEBA04C2B7F3E0B0085B788 /* LoginViewController.swift in Sources */ = {isa = PBXBuildFile; fileRef = 6EEBA0482B7F3E0B0085B788 /* LoginViewController.swift */; };
		6EEBA04D2B7F3E0B0085B788 /* LoginViewController.xib in Resources */ = {isa = PBXBuildFile; fileRef = 6EEBA0492B7F3E0B0085B788 /* LoginViewController.xib */; };
		6EEBA04E2B7F3E0B0085B788 /* LoginViewController.xib in Resources */ = {isa = PBXBuildFile; fileRef = 6EEBA0492B7F3E0B0085B788 /* LoginViewController.xib */; };
		6EEBA04F2B7F3E0B0085B788 /* LoginViewController.xib in Resources */ = {isa = PBXBuildFile; fileRef = 6EEBA0492B7F3E0B0085B788 /* LoginViewController.xib */; };
		6EEBA06F2B7F4C210085B788 /* LoginViewModel.swift in Sources */ = {isa = PBXBuildFile; fileRef = 6EEBA06E2B7F4C210085B788 /* LoginViewModel.swift */; };
		6EEBA0702B7F4C210085B788 /* LoginViewModel.swift in Sources */ = {isa = PBXBuildFile; fileRef = 6EEBA06E2B7F4C210085B788 /* LoginViewModel.swift */; };
		6EEBA0712B7F4C210085B788 /* LoginViewModel.swift in Sources */ = {isa = PBXBuildFile; fileRef = 6EEBA06E2B7F4C210085B788 /* LoginViewModel.swift */; };
		6EEBA0732B7F4EFB0085B788 /* LaunchScreen.xib in Resources */ = {isa = PBXBuildFile; fileRef = 6EEBA0722B7F4EFB0085B788 /* LaunchScreen.xib */; };
		6EEBA0742B7F4EFB0085B788 /* LaunchScreen.xib in Resources */ = {isa = PBXBuildFile; fileRef = 6EEBA0722B7F4EFB0085B788 /* LaunchScreen.xib */; };
		6EEBA0752B7F4EFB0085B788 /* LaunchScreen.xib in Resources */ = {isa = PBXBuildFile; fileRef = 6EEBA0722B7F4EFB0085B788 /* LaunchScreen.xib */; };
		6EEBA0772B7F55340085B788 /* NSMHeroes.swift in Sources */ = {isa = PBXBuildFile; fileRef = 6EEBA0762B7F55340085B788 /* NSMHeroes.swift */; };
		6EEBA0782B7F55340085B788 /* NSMHeroes.swift in Sources */ = {isa = PBXBuildFile; fileRef = 6EEBA0762B7F55340085B788 /* NSMHeroes.swift */; };
		6EEBA0792B7F55340085B788 /* NSMHeroes.swift in Sources */ = {isa = PBXBuildFile; fileRef = 6EEBA0762B7F55340085B788 /* NSMHeroes.swift */; };
		6EEBA07B2B7F55CE0085B788 /* NSMTransforms.swift in Sources */ = {isa = PBXBuildFile; fileRef = 6EEBA07A2B7F55CE0085B788 /* NSMTransforms.swift */; };
		6EEBA07C2B7F55CE0085B788 /* NSMTransforms.swift in Sources */ = {isa = PBXBuildFile; fileRef = 6EEBA07A2B7F55CE0085B788 /* NSMTransforms.swift */; };
		6EEBA07D2B7F55CE0085B788 /* NSMTransforms.swift in Sources */ = {isa = PBXBuildFile; fileRef = 6EEBA07A2B7F55CE0085B788 /* NSMTransforms.swift */; };
		6EEBA07F2B7F57B00085B788 /* NSMLocation.swift in Sources */ = {isa = PBXBuildFile; fileRef = 6EEBA07E2B7F57B00085B788 /* NSMLocation.swift */; };
		6EEBA0802B7F57B00085B788 /* NSMLocation.swift in Sources */ = {isa = PBXBuildFile; fileRef = 6EEBA07E2B7F57B00085B788 /* NSMLocation.swift */; };
		6EEBA0812B7F57B00085B788 /* NSMLocation.swift in Sources */ = {isa = PBXBuildFile; fileRef = 6EEBA07E2B7F57B00085B788 /* NSMLocation.swift */; };
		6EEBA0832B7F5A270085B788 /* APIStructs.swift in Sources */ = {isa = PBXBuildFile; fileRef = 6EEBA0822B7F5A270085B788 /* APIStructs.swift */; };
		6EEBA0842B7F5A270085B788 /* APIStructs.swift in Sources */ = {isa = PBXBuildFile; fileRef = 6EEBA0822B7F5A270085B788 /* APIStructs.swift */; };
		6EEBA0852B7F5A270085B788 /* APIStructs.swift in Sources */ = {isa = PBXBuildFile; fileRef = 6EEBA0822B7F5A270085B788 /* APIStructs.swift */; };
		6EEBA0882B7F5EE30085B788 /* DBHeroes.swift in Sources */ = {isa = PBXBuildFile; fileRef = 6EEBA0872B7F5EE30085B788 /* DBHeroes.swift */; };
		6EEBA0892B7F5EE30085B788 /* DBHeroes.swift in Sources */ = {isa = PBXBuildFile; fileRef = 6EEBA0872B7F5EE30085B788 /* DBHeroes.swift */; };
		6EEBA08A2B7F5EE30085B788 /* DBHeroes.swift in Sources */ = {isa = PBXBuildFile; fileRef = 6EEBA0872B7F5EE30085B788 /* DBHeroes.swift */; };
		6EEBA08C2B7F5EF80085B788 /* DBTransformations.swift in Sources */ = {isa = PBXBuildFile; fileRef = 6EEBA08B2B7F5EF80085B788 /* DBTransformations.swift */; };
		6EEBA08D2B7F5EF80085B788 /* DBTransformations.swift in Sources */ = {isa = PBXBuildFile; fileRef = 6EEBA08B2B7F5EF80085B788 /* DBTransformations.swift */; };
		6EEBA08E2B7F5EF80085B788 /* DBTransformations.swift in Sources */ = {isa = PBXBuildFile; fileRef = 6EEBA08B2B7F5EF80085B788 /* DBTransformations.swift */; };
		6EEBA0902B7F5F0A0085B788 /* DBLocalization.swift in Sources */ = {isa = PBXBuildFile; fileRef = 6EEBA08F2B7F5F0A0085B788 /* DBLocalization.swift */; };
		6EEBA0912B7F5F0A0085B788 /* DBLocalization.swift in Sources */ = {isa = PBXBuildFile; fileRef = 6EEBA08F2B7F5F0A0085B788 /* DBLocalization.swift */; };
		6EEBA0922B7F5F0A0085B788 /* DBLocalization.swift in Sources */ = {isa = PBXBuildFile; fileRef = 6EEBA08F2B7F5F0A0085B788 /* DBLocalization.swift */; };
		6EEBA0AC2B7F7E080085B788 /* ApiProvider.swift in Sources */ = {isa = PBXBuildFile; fileRef = 6EEBA0AB2B7F7E080085B788 /* ApiProvider.swift */; };
		6EEBA0AD2B7F7E080085B788 /* ApiProvider.swift in Sources */ = {isa = PBXBuildFile; fileRef = 6EEBA0AB2B7F7E080085B788 /* ApiProvider.swift */; };
		6EEBA0AE2B7F7E080085B788 /* ApiProvider.swift in Sources */ = {isa = PBXBuildFile; fileRef = 6EEBA0AB2B7F7E080085B788 /* ApiProvider.swift */; };
/* End PBXBuildFile section */

/* Begin PBXContainerItemProxy section */
		6EBB2D8B2B7CB19600B827C5 /* PBXContainerItemProxy */ = {
			isa = PBXContainerItemProxy;
			containerPortal = 6EBB2D6C2B7CB19500B827C5 /* Project object */;
			proxyType = 1;
			remoteGlobalIDString = 6EBB2D732B7CB19500B827C5;
			remoteInfo = Practica_IOSAvanzado_AGGA;
		};
		6EBB2D952B7CB19600B827C5 /* PBXContainerItemProxy */ = {
			isa = PBXContainerItemProxy;
			containerPortal = 6EBB2D6C2B7CB19500B827C5 /* Project object */;
			proxyType = 1;
			remoteGlobalIDString = 6EBB2D732B7CB19500B827C5;
			remoteInfo = Practica_IOSAvanzado_AGGA;
		};
/* End PBXContainerItemProxy section */

/* Begin PBXFileReference section */
		6E34E0D12B8BB55B00AACB21 /* MockURLProtocol.swift */ = {isa = PBXFileReference; lastKnownFileType = sourcecode.swift; path = MockURLProtocol.swift; sourceTree = "<group>"; };
		6E34E0D32B8BBBAC00AACB21 /* APiProviderTests.swift */ = {isa = PBXFileReference; lastKnownFileType = sourcecode.swift; path = APiProviderTests.swift; sourceTree = "<group>"; };
		6E34E0D52B8DD39200AACB21 /* MockHeroes.json */ = {isa = PBXFileReference; lastKnownFileType = text.json; path = MockHeroes.json; sourceTree = "<group>"; };
		6E34E0DB2B8DD3E900AACB21 /* MockTransform.json */ = {isa = PBXFileReference; lastKnownFileType = text.json; path = MockTransform.json; sourceTree = "<group>"; };
		6E34E0DD2B8DD3F900AACB21 /* MockLocation.json */ = {isa = PBXFileReference; lastKnownFileType = text.json; path = MockLocation.json; sourceTree = "<group>"; };
		6E6A33AD2B84D6D600E18333 /* HeroesViewModel.swift */ = {isa = PBXFileReference; lastKnownFileType = sourcecode.swift; path = HeroesViewModel.swift; sourceTree = "<group>"; };
		6E6A33B12B84D6E300E18333 /* DetailViewModel.swift */ = {isa = PBXFileReference; lastKnownFileType = sourcecode.swift; path = DetailViewModel.swift; sourceTree = "<group>"; };
		6E6A33BA2B8551B300E18333 /* SecureData.swift */ = {isa = PBXFileReference; lastKnownFileType = sourcecode.swift; path = SecureData.swift; sourceTree = "<group>"; };
		6EA5D48C2B7E849200F901A6 /* UIImage+URL+Gif.swift */ = {isa = PBXFileReference; lastKnownFileType = sourcecode.swift; path = "UIImage+URL+Gif.swift"; sourceTree = "<group>"; };
		6EBB2D742B7CB19500B827C5 /* Practica_IOSAvanzado_AGGA.app */ = {isa = PBXFileReference; explicitFileType = wrapper.application; includeInIndex = 0; path = Practica_IOSAvanzado_AGGA.app; sourceTree = BUILT_PRODUCTS_DIR; };
		6EBB2D772B7CB19500B827C5 /* AppDelegate.swift */ = {isa = PBXFileReference; lastKnownFileType = sourcecode.swift; path = AppDelegate.swift; sourceTree = "<group>"; };
		6EBB2D792B7CB19500B827C5 /* SceneDelegate.swift */ = {isa = PBXFileReference; lastKnownFileType = sourcecode.swift; path = SceneDelegate.swift; sourceTree = "<group>"; };
		6EBB2D802B7CB19600B827C5 /* Assets.xcassets */ = {isa = PBXFileReference; lastKnownFileType = folder.assetcatalog; path = Assets.xcassets; sourceTree = "<group>"; };
		6EBB2D852B7CB19600B827C5 /* Info.plist */ = {isa = PBXFileReference; lastKnownFileType = text.plist.xml; path = Info.plist; sourceTree = "<group>"; };
		6EBB2D8A2B7CB19600B827C5 /* Practica_IOSAvanzado_AGGATests.xctest */ = {isa = PBXFileReference; explicitFileType = wrapper.cfbundle; includeInIndex = 0; path = Practica_IOSAvanzado_AGGATests.xctest; sourceTree = BUILT_PRODUCTS_DIR; };
		6EBB2D8E2B7CB19600B827C5 /* Practica_IOSAvanzado_AGGATests.swift */ = {isa = PBXFileReference; lastKnownFileType = sourcecode.swift; path = Practica_IOSAvanzado_AGGATests.swift; sourceTree = "<group>"; };
		6EBB2D942B7CB19600B827C5 /* Practica_IOSAvanzado_AGGAUITests.xctest */ = {isa = PBXFileReference; explicitFileType = wrapper.cfbundle; includeInIndex = 0; path = Practica_IOSAvanzado_AGGAUITests.xctest; sourceTree = BUILT_PRODUCTS_DIR; };
		6EBB2D982B7CB19600B827C5 /* Practica_IOSAvanzado_AGGAUITests.swift */ = {isa = PBXFileReference; lastKnownFileType = sourcecode.swift; path = Practica_IOSAvanzado_AGGAUITests.swift; sourceTree = "<group>"; };
		6EBB2D9A2B7CB19600B827C5 /* Practica_IOSAvanzado_AGGAUITestsLaunchTests.swift */ = {isa = PBXFileReference; lastKnownFileType = sourcecode.swift; path = Practica_IOSAvanzado_AGGAUITestsLaunchTests.swift; sourceTree = "<group>"; };
		6EBB2DB02B7CB30500B827C5 /* Model.xcdatamodel */ = {isa = PBXFileReference; lastKnownFileType = wrapper.xcdatamodel; path = Model.xcdatamodel; sourceTree = "<group>"; };
		6EBB2DB42B7CB57E00B827C5 /* NetworkErrors.swift */ = {isa = PBXFileReference; lastKnownFileType = sourcecode.swift; path = NetworkErrors.swift; sourceTree = "<group>"; };
		6EBB2DB92B7CB72600B827C5 /* StoreDataProvider.swift */ = {isa = PBXFileReference; lastKnownFileType = sourcecode.swift; path = StoreDataProvider.swift; sourceTree = "<group>"; };
		6EC092882B86088500EACE0E /* HeroesViewController.swift */ = {isa = PBXFileReference; lastKnownFileType = sourcecode.swift; path = HeroesViewController.swift; sourceTree = "<group>"; };
		6EC092892B86088500EACE0E /* HeroesViewController.xib */ = {isa = PBXFileReference; lastKnownFileType = file.xib; path = HeroesViewController.xib; sourceTree = "<group>"; };
		6EC092902B86089100EACE0E /* DetailViewController.swift */ = {isa = PBXFileReference; lastKnownFileType = sourcecode.swift; path = DetailViewController.swift; sourceTree = "<group>"; };
		6EC092912B86089100EACE0E /* DetailViewController.xib */ = {isa = PBXFileReference; lastKnownFileType = file.xib; path = DetailViewController.xib; sourceTree = "<group>"; };
		6EC092982B860DAF00EACE0E /* HeroesViewCell.swift */ = {isa = PBXFileReference; lastKnownFileType = sourcecode.swift; path = HeroesViewCell.swift; sourceTree = "<group>"; };
		6EC092992B860DAF00EACE0E /* HeroesViewCell.xib */ = {isa = PBXFileReference; lastKnownFileType = file.xib; path = HeroesViewCell.xib; sourceTree = "<group>"; };
		6EC092A02B8623B100EACE0E /* UICell+Reuse.swift */ = {isa = PBXFileReference; lastKnownFileType = sourcecode.swift; path = "UICell+Reuse.swift"; sourceTree = "<group>"; };
		6EC092A62B87E89200EACE0E /* HeroAnnotation.swift */ = {isa = PBXFileReference; lastKnownFileType = sourcecode.swift; path = HeroAnnotation.swift; sourceTree = "<group>"; };
		6EC092AA2B87F1AF00EACE0E /* DetailCollectionViewCell.swift */ = {isa = PBXFileReference; lastKnownFileType = sourcecode.swift; path = DetailCollectionViewCell.swift; sourceTree = "<group>"; };
		6EC092AB2B87F1AF00EACE0E /* DetailCollectionViewCell.xib */ = {isa = PBXFileReference; lastKnownFileType = file.xib; path = DetailCollectionViewCell.xib; sourceTree = "<group>"; };
		6EEBA0482B7F3E0B0085B788 /* LoginViewController.swift */ = {isa = PBXFileReference; lastKnownFileType = sourcecode.swift; path = LoginViewController.swift; sourceTree = "<group>"; };
		6EEBA0492B7F3E0B0085B788 /* LoginViewController.xib */ = {isa = PBXFileReference; lastKnownFileType = file.xib; path = LoginViewController.xib; sourceTree = "<group>"; };
		6EEBA06E2B7F4C210085B788 /* LoginViewModel.swift */ = {isa = PBXFileReference; lastKnownFileType = sourcecode.swift; path = LoginViewModel.swift; sourceTree = "<group>"; };
		6EEBA0722B7F4EFB0085B788 /* LaunchScreen.xib */ = {isa = PBXFileReference; lastKnownFileType = file.xib; path = LaunchScreen.xib; sourceTree = "<group>"; };
		6EEBA0762B7F55340085B788 /* NSMHeroes.swift */ = {isa = PBXFileReference; lastKnownFileType = sourcecode.swift; path = NSMHeroes.swift; sourceTree = "<group>"; };
		6EEBA07A2B7F55CE0085B788 /* NSMTransforms.swift */ = {isa = PBXFileReference; lastKnownFileType = sourcecode.swift; path = NSMTransforms.swift; sourceTree = "<group>"; };
		6EEBA07E2B7F57B00085B788 /* NSMLocation.swift */ = {isa = PBXFileReference; lastKnownFileType = sourcecode.swift; path = NSMLocation.swift; sourceTree = "<group>"; };
		6EEBA0822B7F5A270085B788 /* APIStructs.swift */ = {isa = PBXFileReference; lastKnownFileType = sourcecode.swift; path = APIStructs.swift; sourceTree = "<group>"; };
		6EEBA0872B7F5EE30085B788 /* DBHeroes.swift */ = {isa = PBXFileReference; lastKnownFileType = sourcecode.swift; path = DBHeroes.swift; sourceTree = "<group>"; };
		6EEBA08B2B7F5EF80085B788 /* DBTransformations.swift */ = {isa = PBXFileReference; lastKnownFileType = sourcecode.swift; path = DBTransformations.swift; sourceTree = "<group>"; };
		6EEBA08F2B7F5F0A0085B788 /* DBLocalization.swift */ = {isa = PBXFileReference; lastKnownFileType = sourcecode.swift; path = DBLocalization.swift; sourceTree = "<group>"; };
		6EEBA0AB2B7F7E080085B788 /* ApiProvider.swift */ = {isa = PBXFileReference; lastKnownFileType = sourcecode.swift; path = ApiProvider.swift; sourceTree = "<group>"; };
/* End PBXFileReference section */

/* Begin PBXFrameworksBuildPhase section */
		6EBB2D712B7CB19500B827C5 /* Frameworks */ = {
			isa = PBXFrameworksBuildPhase;
			buildActionMask = 2147483647;
			files = (
				6E6A33B92B85508000E18333 /* KeychainSwift in Frameworks */,
			);
			runOnlyForDeploymentPostprocessing = 0;
		};
		6EBB2D872B7CB19600B827C5 /* Frameworks */ = {
			isa = PBXFrameworksBuildPhase;
			buildActionMask = 2147483647;
			files = (
			);
			runOnlyForDeploymentPostprocessing = 0;
		};
		6EBB2D912B7CB19600B827C5 /* Frameworks */ = {
			isa = PBXFrameworksBuildPhase;
			buildActionMask = 2147483647;
			files = (
			);
			runOnlyForDeploymentPostprocessing = 0;
		};
/* End PBXFrameworksBuildPhase section */

/* Begin PBXGroup section */
		6E34E0D02B8BB53600AACB21 /* Mocks */ = {
			isa = PBXGroup;
			children = (
				6E34E0D12B8BB55B00AACB21 /* MockURLProtocol.swift */,
				6E34E0D52B8DD39200AACB21 /* MockHeroes.json */,
				6E34E0DB2B8DD3E900AACB21 /* MockTransform.json */,
				6E34E0DD2B8DD3F900AACB21 /* MockLocation.json */,
			);
			path = Mocks;
			sourceTree = "<group>";
		};
		6EA5D47B2B7E7F5F00F901A6 /* View */ = {
			isa = PBXGroup;
			children = (
				6EA5D47F2B7E7FD400F901A6 /* DetailViewController */,
				6EA5D47E2B7E7FC800F901A6 /* HeroesViewController */,
				6EA5D47D2B7E7FB500F901A6 /* LoginViewController */,
			);
			path = View;
			sourceTree = "<group>";
		};
		6EA5D47C2B7E7F6500F901A6 /* ViewModel */ = {
			isa = PBXGroup;
			children = (
				6EEBA06E2B7F4C210085B788 /* LoginViewModel.swift */,
				6E6A33AD2B84D6D600E18333 /* HeroesViewModel.swift */,
				6E6A33B12B84D6E300E18333 /* DetailViewModel.swift */,
			);
			path = ViewModel;
			sourceTree = "<group>";
		};
		6EA5D47D2B7E7FB500F901A6 /* LoginViewController */ = {
			isa = PBXGroup;
			children = (
				6EEBA0482B7F3E0B0085B788 /* LoginViewController.swift */,
				6EEBA0492B7F3E0B0085B788 /* LoginViewController.xib */,
			);
			path = LoginViewController;
			sourceTree = "<group>";
		};
		6EA5D47E2B7E7FC800F901A6 /* HeroesViewController */ = {
			isa = PBXGroup;
			children = (
				6EC092882B86088500EACE0E /* HeroesViewController.swift */,
				6EC092892B86088500EACE0E /* HeroesViewController.xib */,
				6EC092982B860DAF00EACE0E /* HeroesViewCell.swift */,
				6EC092992B860DAF00EACE0E /* HeroesViewCell.xib */,
			);
			path = HeroesViewController;
			sourceTree = "<group>";
		};
		6EA5D47F2B7E7FD400F901A6 /* DetailViewController */ = {
			isa = PBXGroup;
			children = (
				6EC092902B86089100EACE0E /* DetailViewController.swift */,
				6EC092912B86089100EACE0E /* DetailViewController.xib */,
				6EC092A62B87E89200EACE0E /* HeroAnnotation.swift */,
				6EC092AA2B87F1AF00EACE0E /* DetailCollectionViewCell.swift */,
				6EC092AB2B87F1AF00EACE0E /* DetailCollectionViewCell.xib */,
			);
			path = DetailViewController;
			sourceTree = "<group>";
		};
		6EBB2D6B2B7CB19500B827C5 = {
			isa = PBXGroup;
			children = (
				6EBB2D762B7CB19500B827C5 /* Practica_IOSAvanzado_AGGA */,
				6EBB2D8D2B7CB19600B827C5 /* Practica_IOSAvanzado_AGGATests */,
				6EBB2D972B7CB19600B827C5 /* Practica_IOSAvanzado_AGGAUITests */,
				6EBB2D752B7CB19500B827C5 /* Products */,
			);
			sourceTree = "<group>";
		};
		6EBB2D752B7CB19500B827C5 /* Products */ = {
			isa = PBXGroup;
			children = (
				6EBB2D742B7CB19500B827C5 /* Practica_IOSAvanzado_AGGA.app */,
				6EBB2D8A2B7CB19600B827C5 /* Practica_IOSAvanzado_AGGATests.xctest */,
				6EBB2D942B7CB19600B827C5 /* Practica_IOSAvanzado_AGGAUITests.xctest */,
			);
			name = Products;
			sourceTree = "<group>";
		};
		6EBB2D762B7CB19500B827C5 /* Practica_IOSAvanzado_AGGA */ = {
			isa = PBXGroup;
			children = (
				6EBB2D772B7CB19500B827C5 /* AppDelegate.swift */,
				6EBB2D792B7CB19500B827C5 /* SceneDelegate.swift */,
				6EBB2D802B7CB19600B827C5 /* Assets.xcassets */,
				6EBB2D852B7CB19600B827C5 /* Info.plist */,
				6EEBA0722B7F4EFB0085B788 /* LaunchScreen.xib */,
				6EBB2DA72B7CB27D00B827C5 /* Presentation */,
				6EBB2DA92B7CB28C00B827C5 /* Data */,
				6EC092A52B8623CE00EACE0E /* Domain */,
			);
			path = Practica_IOSAvanzado_AGGA;
			sourceTree = "<group>";
		};
		6EBB2D8D2B7CB19600B827C5 /* Practica_IOSAvanzado_AGGATests */ = {
			isa = PBXGroup;
			children = (
				6E34E0D02B8BB53600AACB21 /* Mocks */,
				6EBB2D8E2B7CB19600B827C5 /* Practica_IOSAvanzado_AGGATests.swift */,
				6E34E0D32B8BBBAC00AACB21 /* APiProviderTests.swift */,
			);
			path = Practica_IOSAvanzado_AGGATests;
			sourceTree = "<group>";
		};
		6EBB2D972B7CB19600B827C5 /* Practica_IOSAvanzado_AGGAUITests */ = {
			isa = PBXGroup;
			children = (
				6EBB2D982B7CB19600B827C5 /* Practica_IOSAvanzado_AGGAUITests.swift */,
				6EBB2D9A2B7CB19600B827C5 /* Practica_IOSAvanzado_AGGAUITestsLaunchTests.swift */,
			);
			path = Practica_IOSAvanzado_AGGAUITests;
			sourceTree = "<group>";
		};
		6EBB2DA72B7CB27D00B827C5 /* Presentation */ = {
			isa = PBXGroup;
			children = (
				6EA5D47B2B7E7F5F00F901A6 /* View */,
				6EA5D47C2B7E7F6500F901A6 /* ViewModel */,
			);
			path = Presentation;
			sourceTree = "<group>";
		};
		6EBB2DA92B7CB28C00B827C5 /* Data */ = {
			isa = PBXGroup;
			children = (
				6EEBA0AB2B7F7E080085B788 /* ApiProvider.swift */,
				6EEBA0862B7F5ECC0085B788 /* Model */,
				6EBB2DAC2B7CB2C200B827C5 /* Network */,
				6EBB2DAE2B7CB2F500B827C5 /* Local */,
			);
			path = Data;
			sourceTree = "<group>";
		};
		6EBB2DAA2B7CB29200B827C5 /* Extension */ = {
			isa = PBXGroup;
			children = (
				6EA5D48C2B7E849200F901A6 /* UIImage+URL+Gif.swift */,
				6EC092A02B8623B100EACE0E /* UICell+Reuse.swift */,
			);
			path = Extension;
			sourceTree = "<group>";
		};
		6EBB2DAC2B7CB2C200B827C5 /* Network */ = {
			isa = PBXGroup;
			children = (
				6E6A33BA2B8551B300E18333 /* SecureData.swift */,
				6EBB2DAD2B7CB2D300B827C5 /* BaseNetworks */,
			);
			path = Network;
			sourceTree = "<group>";
		};
		6EBB2DAD2B7CB2D300B827C5 /* BaseNetworks */ = {
			isa = PBXGroup;
			children = (
				6EBB2DB42B7CB57E00B827C5 /* NetworkErrors.swift */,
				6EEBA0822B7F5A270085B788 /* APIStructs.swift */,
			);
			path = BaseNetworks;
			sourceTree = "<group>";
		};
		6EBB2DAE2B7CB2F500B827C5 /* Local */ = {
			isa = PBXGroup;
			children = (
				6EBB2DB92B7CB72600B827C5 /* StoreDataProvider.swift */,
				6EBB2DAF2B7CB30500B827C5 /* Model.xcdatamodeld */,
				6EEBA0762B7F55340085B788 /* NSMHeroes.swift */,
				6EEBA07A2B7F55CE0085B788 /* NSMTransforms.swift */,
				6EEBA07E2B7F57B00085B788 /* NSMLocation.swift */,
			);
			path = Local;
			sourceTree = "<group>";
		};
		6EC092A52B8623CE00EACE0E /* Domain */ = {
			isa = PBXGroup;
			children = (
				6EBB2DAA2B7CB29200B827C5 /* Extension */,
			);
			path = Domain;
			sourceTree = "<group>";
		};
		6EEBA0862B7F5ECC0085B788 /* Model */ = {
			isa = PBXGroup;
			children = (
				6EEBA0872B7F5EE30085B788 /* DBHeroes.swift */,
				6EEBA08B2B7F5EF80085B788 /* DBTransformations.swift */,
				6EEBA08F2B7F5F0A0085B788 /* DBLocalization.swift */,
			);
			path = Model;
			sourceTree = "<group>";
		};
/* End PBXGroup section */

/* Begin PBXNativeTarget section */
		6EBB2D732B7CB19500B827C5 /* Practica_IOSAvanzado_AGGA */ = {
			isa = PBXNativeTarget;
			buildConfigurationList = 6EBB2D9E2B7CB19600B827C5 /* Build configuration list for PBXNativeTarget "Practica_IOSAvanzado_AGGA" */;
			buildPhases = (
				6EBB2D702B7CB19500B827C5 /* Sources */,
				6EBB2D712B7CB19500B827C5 /* Frameworks */,
				6EBB2D722B7CB19500B827C5 /* Resources */,
			);
			buildRules = (
			);
			dependencies = (
			);
			name = Practica_IOSAvanzado_AGGA;
			packageProductDependencies = (
				6E6A33B82B85508000E18333 /* KeychainSwift */,
			);
			productName = Practica_IOSAvanzado_AGGA;
			productReference = 6EBB2D742B7CB19500B827C5 /* Practica_IOSAvanzado_AGGA.app */;
			productType = "com.apple.product-type.application";
		};
		6EBB2D892B7CB19600B827C5 /* Practica_IOSAvanzado_AGGATests */ = {
			isa = PBXNativeTarget;
			buildConfigurationList = 6EBB2DA12B7CB19600B827C5 /* Build configuration list for PBXNativeTarget "Practica_IOSAvanzado_AGGATests" */;
			buildPhases = (
				6EBB2D862B7CB19600B827C5 /* Sources */,
				6EBB2D872B7CB19600B827C5 /* Frameworks */,
				6EBB2D882B7CB19600B827C5 /* Resources */,
			);
			buildRules = (
			);
			dependencies = (
				6EBB2D8C2B7CB19600B827C5 /* PBXTargetDependency */,
			);
			name = Practica_IOSAvanzado_AGGATests;
			productName = Practica_IOSAvanzado_AGGATests;
			productReference = 6EBB2D8A2B7CB19600B827C5 /* Practica_IOSAvanzado_AGGATests.xctest */;
			productType = "com.apple.product-type.bundle.unit-test";
		};
		6EBB2D932B7CB19600B827C5 /* Practica_IOSAvanzado_AGGAUITests */ = {
			isa = PBXNativeTarget;
			buildConfigurationList = 6EBB2DA42B7CB19600B827C5 /* Build configuration list for PBXNativeTarget "Practica_IOSAvanzado_AGGAUITests" */;
			buildPhases = (
				6EBB2D902B7CB19600B827C5 /* Sources */,
				6EBB2D912B7CB19600B827C5 /* Frameworks */,
				6EBB2D922B7CB19600B827C5 /* Resources */,
			);
			buildRules = (
			);
			dependencies = (
				6EBB2D962B7CB19600B827C5 /* PBXTargetDependency */,
			);
			name = Practica_IOSAvanzado_AGGAUITests;
			productName = Practica_IOSAvanzado_AGGAUITests;
			productReference = 6EBB2D942B7CB19600B827C5 /* Practica_IOSAvanzado_AGGAUITests.xctest */;
			productType = "com.apple.product-type.bundle.ui-testing";
		};
/* End PBXNativeTarget section */

/* Begin PBXProject section */
		6EBB2D6C2B7CB19500B827C5 /* Project object */ = {
			isa = PBXProject;
			attributes = {
				BuildIndependentTargetsInParallel = 1;
				LastSwiftUpdateCheck = 1520;
				LastUpgradeCheck = 1520;
				TargetAttributes = {
					6EBB2D732B7CB19500B827C5 = {
						CreatedOnToolsVersion = 15.2;
					};
					6EBB2D892B7CB19600B827C5 = {
						CreatedOnToolsVersion = 15.2;
						TestTargetID = 6EBB2D732B7CB19500B827C5;
					};
					6EBB2D932B7CB19600B827C5 = {
						CreatedOnToolsVersion = 15.2;
						TestTargetID = 6EBB2D732B7CB19500B827C5;
					};
				};
			};
			buildConfigurationList = 6EBB2D6F2B7CB19500B827C5 /* Build configuration list for PBXProject "Practica_IOSAvanzado_AGGA" */;
			compatibilityVersion = "Xcode 14.0";
			developmentRegion = en;
			hasScannedForEncodings = 0;
			knownRegions = (
				en,
				Base,
			);
			mainGroup = 6EBB2D6B2B7CB19500B827C5;
			packageReferences = (
				6E6A33B72B85508000E18333 /* XCRemoteSwiftPackageReference "keychain-swift" */,
			);
			productRefGroup = 6EBB2D752B7CB19500B827C5 /* Products */;
			projectDirPath = "";
			projectRoot = "";
			targets = (
				6EBB2D732B7CB19500B827C5 /* Practica_IOSAvanzado_AGGA */,
				6EBB2D892B7CB19600B827C5 /* Practica_IOSAvanzado_AGGATests */,
				6EBB2D932B7CB19600B827C5 /* Practica_IOSAvanzado_AGGAUITests */,
			);
		};
/* End PBXProject section */

/* Begin PBXResourcesBuildPhase section */
		6EBB2D722B7CB19500B827C5 /* Resources */ = {
			isa = PBXResourcesBuildPhase;
			buildActionMask = 2147483647;
			files = (
				6EC0929D2B860DAF00EACE0E /* HeroesViewCell.xib in Resources */,
				6EC092AF2B87F1AF00EACE0E /* DetailCollectionViewCell.xib in Resources */,
				6EEBA0732B7F4EFB0085B788 /* LaunchScreen.xib in Resources */,
				6EBB2D812B7CB19600B827C5 /* Assets.xcassets in Resources */,
				6EC092952B86089100EACE0E /* DetailViewController.xib in Resources */,
				6EC0928D2B86088500EACE0E /* HeroesViewController.xib in Resources */,
				6EEBA04D2B7F3E0B0085B788 /* LoginViewController.xib in Resources */,
			);
			runOnlyForDeploymentPostprocessing = 0;
		};
		6EBB2D882B7CB19600B827C5 /* Resources */ = {
			isa = PBXResourcesBuildPhase;
			buildActionMask = 2147483647;
			files = (
				6E34E0DE2B8DD3F900AACB21 /* MockLocation.json in Resources */,
				6E34E0DC2B8DD3E900AACB21 /* MockTransform.json in Resources */,
				6EC0928E2B86088500EACE0E /* HeroesViewController.xib in Resources */,
				6EEBA0742B7F4EFB0085B788 /* LaunchScreen.xib in Resources */,
				6EC0929E2B860DAF00EACE0E /* HeroesViewCell.xib in Resources */,
				6EC092B02B87F1AF00EACE0E /* DetailCollectionViewCell.xib in Resources */,
				6EEBA04E2B7F3E0B0085B788 /* LoginViewController.xib in Resources */,
				6E34E0D62B8DD39200AACB21 /* MockHeroes.json in Resources */,
				6EC092962B86089100EACE0E /* DetailViewController.xib in Resources */,
			);
			runOnlyForDeploymentPostprocessing = 0;
		};
		6EBB2D922B7CB19600B827C5 /* Resources */ = {
			isa = PBXResourcesBuildPhase;
			buildActionMask = 2147483647;
			files = (
				6EC0928F2B86088500EACE0E /* HeroesViewController.xib in Resources */,
				6EEBA0752B7F4EFB0085B788 /* LaunchScreen.xib in Resources */,
				6EC0929F2B860DAF00EACE0E /* HeroesViewCell.xib in Resources */,
				6EC092B12B87F1AF00EACE0E /* DetailCollectionViewCell.xib in Resources */,
				6EEBA04F2B7F3E0B0085B788 /* LoginViewController.xib in Resources */,
				6EC092972B86089100EACE0E /* DetailViewController.xib in Resources */,
			);
			runOnlyForDeploymentPostprocessing = 0;
		};
/* End PBXResourcesBuildPhase section */

/* Begin PBXSourcesBuildPhase section */
		6EBB2D702B7CB19500B827C5 /* Sources */ = {
			isa = PBXSourcesBuildPhase;
			buildActionMask = 2147483647;
			files = (
				6EC092A72B87E89200EACE0E /* HeroAnnotation.swift in Sources */,
				6EEBA0902B7F5F0A0085B788 /* DBLocalization.swift in Sources */,
				6EBB2D782B7CB19500B827C5 /* AppDelegate.swift in Sources */,
				6EC092AC2B87F1AF00EACE0E /* DetailCollectionViewCell.swift in Sources */,
				6EEBA07B2B7F55CE0085B788 /* NSMTransforms.swift in Sources */,
				6EBB2DB52B7CB57E00B827C5 /* NetworkErrors.swift in Sources */,
				6EEBA0832B7F5A270085B788 /* APIStructs.swift in Sources */,
				6E6A33BB2B8551B300E18333 /* SecureData.swift in Sources */,
				6EC0929A2B860DAF00EACE0E /* HeroesViewCell.swift in Sources */,
				6EC092922B86089100EACE0E /* DetailViewController.swift in Sources */,
				6EEBA08C2B7F5EF80085B788 /* DBTransformations.swift in Sources */,
				6EEBA07F2B7F57B00085B788 /* NSMLocation.swift in Sources */,
				6E6A33AE2B84D6D600E18333 /* HeroesViewModel.swift in Sources */,
				6E6A33B22B84D6E300E18333 /* DetailViewModel.swift in Sources */,
				6EEBA0772B7F55340085B788 /* NSMHeroes.swift in Sources */,
				6EBB2D7A2B7CB19500B827C5 /* SceneDelegate.swift in Sources */,
				6EEBA04A2B7F3E0B0085B788 /* LoginViewController.swift in Sources */,
				6EBB2DBA2B7CB72600B827C5 /* StoreDataProvider.swift in Sources */,
				6EC092A12B8623B100EACE0E /* UICell+Reuse.swift in Sources */,
				6EC0928A2B86088500EACE0E /* HeroesViewController.swift in Sources */,
				6EA5D48D2B7E849200F901A6 /* UIImage+URL+Gif.swift in Sources */,
				6EEBA06F2B7F4C210085B788 /* LoginViewModel.swift in Sources */,
				6EEBA0882B7F5EE30085B788 /* DBHeroes.swift in Sources */,
				6EEBA0AC2B7F7E080085B788 /* ApiProvider.swift in Sources */,
				6EBB2DB12B7CB30500B827C5 /* Model.xcdatamodeld in Sources */,
			);
			runOnlyForDeploymentPostprocessing = 0;
		};
		6EBB2D862B7CB19600B827C5 /* Sources */ = {
			isa = PBXSourcesBuildPhase;
			buildActionMask = 2147483647;
			files = (
				6EEBA04B2B7F3E0B0085B788 /* LoginViewController.swift in Sources */,
				6EEBA0AD2B7F7E080085B788 /* ApiProvider.swift in Sources */,
				6E34E0D22B8BB55B00AACB21 /* MockURLProtocol.swift in Sources */,
				6EBB2DBB2B7CB72600B827C5 /* StoreDataProvider.swift in Sources */,
				6EEBA08D2B7F5EF80085B788 /* DBTransformations.swift in Sources */,
				6E6A33BC2B8551B300E18333 /* SecureData.swift in Sources */,
				6EEBA0802B7F57B00085B788 /* NSMLocation.swift in Sources */,
				6EC0928B2B86088500EACE0E /* HeroesViewController.swift in Sources */,
				6EC092932B86089100EACE0E /* DetailViewController.swift in Sources */,
				6EEBA07C2B7F55CE0085B788 /* NSMTransforms.swift in Sources */,
				6E6A33B32B84D6E300E18333 /* DetailViewModel.swift in Sources */,
				6EC092A82B87E89200EACE0E /* HeroAnnotation.swift in Sources */,
				6EC092AD2B87F1AF00EACE0E /* DetailCollectionViewCell.swift in Sources */,
				6EA5D48E2B7E849200F901A6 /* UIImage+URL+Gif.swift in Sources */,
				6EEBA0842B7F5A270085B788 /* APIStructs.swift in Sources */,
				6EEBA0782B7F55340085B788 /* NSMHeroes.swift in Sources */,
				6EBB2D8F2B7CB19600B827C5 /* Practica_IOSAvanzado_AGGATests.swift in Sources */,
				6EC092A22B8623B100EACE0E /* UICell+Reuse.swift in Sources */,
				6E6A33AF2B84D6D600E18333 /* HeroesViewModel.swift in Sources */,
				6EEBA0702B7F4C210085B788 /* LoginViewModel.swift in Sources */,
				6EC0929B2B860DAF00EACE0E /* HeroesViewCell.swift in Sources */,
				6EEBA0912B7F5F0A0085B788 /* DBLocalization.swift in Sources */,
				6EEBA0892B7F5EE30085B788 /* DBHeroes.swift in Sources */,
				6EBB2DB22B7CB30500B827C5 /* Model.xcdatamodeld in Sources */,
				6EBB2DB62B7CB57E00B827C5 /* NetworkErrors.swift in Sources */,
				6E34E0D42B8BBBAC00AACB21 /* APiProviderTests.swift in Sources */,
			);
			runOnlyForDeploymentPostprocessing = 0;
		};
		6EBB2D902B7CB19600B827C5 /* Sources */ = {
			isa = PBXSourcesBuildPhase;
			buildActionMask = 2147483647;
			files = (
				6EC092A92B87E89200EACE0E /* HeroAnnotation.swift in Sources */,
				6EEBA0922B7F5F0A0085B788 /* DBLocalization.swift in Sources */,
				6EBB2DBC2B7CB72600B827C5 /* StoreDataProvider.swift in Sources */,
				6EC092AE2B87F1AF00EACE0E /* DetailCollectionViewCell.swift in Sources */,
				6E6A33BD2B8551B300E18333 /* SecureData.swift in Sources */,
				6EEBA07D2B7F55CE0085B788 /* NSMTransforms.swift in Sources */,
				6EA5D48F2B7E849200F901A6 /* UIImage+URL+Gif.swift in Sources */,
				6EEBA0852B7F5A270085B788 /* APIStructs.swift in Sources */,
				6EC0929C2B860DAF00EACE0E /* HeroesViewCell.swift in Sources */,
				6EC092942B86089100EACE0E /* DetailViewController.swift in Sources */,
				6EEBA08E2B7F5EF80085B788 /* DBTransformations.swift in Sources */,
				6EEBA0812B7F57B00085B788 /* NSMLocation.swift in Sources */,
				6E6A33B02B84D6D600E18333 /* HeroesViewModel.swift in Sources */,
				6E6A33B42B84D6E300E18333 /* DetailViewModel.swift in Sources */,
				6EEBA0792B7F55340085B788 /* NSMHeroes.swift in Sources */,
				6EBB2D992B7CB19600B827C5 /* Practica_IOSAvanzado_AGGAUITests.swift in Sources */,
				6EEBA04C2B7F3E0B0085B788 /* LoginViewController.swift in Sources */,
				6EBB2DB72B7CB57E00B827C5 /* NetworkErrors.swift in Sources */,
				6EC092A32B8623B100EACE0E /* UICell+Reuse.swift in Sources */,
				6EC0928C2B86088500EACE0E /* HeroesViewController.swift in Sources */,
				6EBB2D9B2B7CB19600B827C5 /* Practica_IOSAvanzado_AGGAUITestsLaunchTests.swift in Sources */,
				6EEBA0712B7F4C210085B788 /* LoginViewModel.swift in Sources */,
				6EEBA08A2B7F5EE30085B788 /* DBHeroes.swift in Sources */,
				6EEBA0AE2B7F7E080085B788 /* ApiProvider.swift in Sources */,
				6EBB2DB32B7CB30500B827C5 /* Model.xcdatamodeld in Sources */,
			);
			runOnlyForDeploymentPostprocessing = 0;
		};
/* End PBXSourcesBuildPhase section */

/* Begin PBXTargetDependency section */
		6EBB2D8C2B7CB19600B827C5 /* PBXTargetDependency */ = {
			isa = PBXTargetDependency;
			target = 6EBB2D732B7CB19500B827C5 /* Practica_IOSAvanzado_AGGA */;
			targetProxy = 6EBB2D8B2B7CB19600B827C5 /* PBXContainerItemProxy */;
		};
		6EBB2D962B7CB19600B827C5 /* PBXTargetDependency */ = {
			isa = PBXTargetDependency;
			target = 6EBB2D732B7CB19500B827C5 /* Practica_IOSAvanzado_AGGA */;
			targetProxy = 6EBB2D952B7CB19600B827C5 /* PBXContainerItemProxy */;
		};
/* End PBXTargetDependency section */

/* Begin XCBuildConfiguration section */
		6EBB2D9C2B7CB19600B827C5 /* Debug */ = {
			isa = XCBuildConfiguration;
			buildSettings = {
				ALWAYS_SEARCH_USER_PATHS = NO;
				ASSETCATALOG_COMPILER_GENERATE_SWIFT_ASSET_SYMBOL_EXTENSIONS = YES;
				CLANG_ANALYZER_NONNULL = YES;
				CLANG_ANALYZER_NUMBER_OBJECT_CONVERSION = YES_AGGRESSIVE;
				CLANG_CXX_LANGUAGE_STANDARD = "gnu++20";
				CLANG_ENABLE_MODULES = YES;
				CLANG_ENABLE_OBJC_ARC = YES;
				CLANG_ENABLE_OBJC_WEAK = YES;
				CLANG_WARN_BLOCK_CAPTURE_AUTORELEASING = YES;
				CLANG_WARN_BOOL_CONVERSION = YES;
				CLANG_WARN_COMMA = YES;
				CLANG_WARN_CONSTANT_CONVERSION = YES;
				CLANG_WARN_DEPRECATED_OBJC_IMPLEMENTATIONS = YES;
				CLANG_WARN_DIRECT_OBJC_ISA_USAGE = YES_ERROR;
				CLANG_WARN_DOCUMENTATION_COMMENTS = YES;
				CLANG_WARN_EMPTY_BODY = YES;
				CLANG_WARN_ENUM_CONVERSION = YES;
				CLANG_WARN_INFINITE_RECURSION = YES;
				CLANG_WARN_INT_CONVERSION = YES;
				CLANG_WARN_NON_LITERAL_NULL_CONVERSION = YES;
				CLANG_WARN_OBJC_IMPLICIT_RETAIN_SELF = YES;
				CLANG_WARN_OBJC_LITERAL_CONVERSION = YES;
				CLANG_WARN_OBJC_ROOT_CLASS = YES_ERROR;
				CLANG_WARN_QUOTED_INCLUDE_IN_FRAMEWORK_HEADER = YES;
				CLANG_WARN_RANGE_LOOP_ANALYSIS = YES;
				CLANG_WARN_STRICT_PROTOTYPES = YES;
				CLANG_WARN_SUSPICIOUS_MOVE = YES;
				CLANG_WARN_UNGUARDED_AVAILABILITY = YES_AGGRESSIVE;
				CLANG_WARN_UNREACHABLE_CODE = YES;
				CLANG_WARN__DUPLICATE_METHOD_MATCH = YES;
				COPY_PHASE_STRIP = NO;
				DEBUG_INFORMATION_FORMAT = dwarf;
				ENABLE_STRICT_OBJC_MSGSEND = YES;
				ENABLE_TESTABILITY = YES;
				ENABLE_USER_SCRIPT_SANDBOXING = YES;
				GCC_C_LANGUAGE_STANDARD = gnu17;
				GCC_DYNAMIC_NO_PIC = NO;
				GCC_NO_COMMON_BLOCKS = YES;
				GCC_OPTIMIZATION_LEVEL = 0;
				GCC_PREPROCESSOR_DEFINITIONS = (
					"DEBUG=1",
					"$(inherited)",
				);
				GCC_WARN_64_TO_32_BIT_CONVERSION = YES;
				GCC_WARN_ABOUT_RETURN_TYPE = YES_ERROR;
				GCC_WARN_UNDECLARED_SELECTOR = YES;
				GCC_WARN_UNINITIALIZED_AUTOS = YES_AGGRESSIVE;
				GCC_WARN_UNUSED_FUNCTION = YES;
				GCC_WARN_UNUSED_VARIABLE = YES;
				IPHONEOS_DEPLOYMENT_TARGET = 17.2;
				LOCALIZATION_PREFERS_STRING_CATALOGS = YES;
				MTL_ENABLE_DEBUG_INFO = INCLUDE_SOURCE;
				MTL_FAST_MATH = YES;
				ONLY_ACTIVE_ARCH = YES;
				SDKROOT = iphoneos;
				SWIFT_ACTIVE_COMPILATION_CONDITIONS = "DEBUG $(inherited)";
				SWIFT_OPTIMIZATION_LEVEL = "-Onone";
			};
			name = Debug;
		};
		6EBB2D9D2B7CB19600B827C5 /* Release */ = {
			isa = XCBuildConfiguration;
			buildSettings = {
				ALWAYS_SEARCH_USER_PATHS = NO;
				ASSETCATALOG_COMPILER_GENERATE_SWIFT_ASSET_SYMBOL_EXTENSIONS = YES;
				CLANG_ANALYZER_NONNULL = YES;
				CLANG_ANALYZER_NUMBER_OBJECT_CONVERSION = YES_AGGRESSIVE;
				CLANG_CXX_LANGUAGE_STANDARD = "gnu++20";
				CLANG_ENABLE_MODULES = YES;
				CLANG_ENABLE_OBJC_ARC = YES;
				CLANG_ENABLE_OBJC_WEAK = YES;
				CLANG_WARN_BLOCK_CAPTURE_AUTORELEASING = YES;
				CLANG_WARN_BOOL_CONVERSION = YES;
				CLANG_WARN_COMMA = YES;
				CLANG_WARN_CONSTANT_CONVERSION = YES;
				CLANG_WARN_DEPRECATED_OBJC_IMPLEMENTATIONS = YES;
				CLANG_WARN_DIRECT_OBJC_ISA_USAGE = YES_ERROR;
				CLANG_WARN_DOCUMENTATION_COMMENTS = YES;
				CLANG_WARN_EMPTY_BODY = YES;
				CLANG_WARN_ENUM_CONVERSION = YES;
				CLANG_WARN_INFINITE_RECURSION = YES;
				CLANG_WARN_INT_CONVERSION = YES;
				CLANG_WARN_NON_LITERAL_NULL_CONVERSION = YES;
				CLANG_WARN_OBJC_IMPLICIT_RETAIN_SELF = YES;
				CLANG_WARN_OBJC_LITERAL_CONVERSION = YES;
				CLANG_WARN_OBJC_ROOT_CLASS = YES_ERROR;
				CLANG_WARN_QUOTED_INCLUDE_IN_FRAMEWORK_HEADER = YES;
				CLANG_WARN_RANGE_LOOP_ANALYSIS = YES;
				CLANG_WARN_STRICT_PROTOTYPES = YES;
				CLANG_WARN_SUSPICIOUS_MOVE = YES;
				CLANG_WARN_UNGUARDED_AVAILABILITY = YES_AGGRESSIVE;
				CLANG_WARN_UNREACHABLE_CODE = YES;
				CLANG_WARN__DUPLICATE_METHOD_MATCH = YES;
				COPY_PHASE_STRIP = NO;
				DEBUG_INFORMATION_FORMAT = "dwarf-with-dsym";
				ENABLE_NS_ASSERTIONS = NO;
				ENABLE_STRICT_OBJC_MSGSEND = YES;
				ENABLE_USER_SCRIPT_SANDBOXING = YES;
				GCC_C_LANGUAGE_STANDARD = gnu17;
				GCC_NO_COMMON_BLOCKS = YES;
				GCC_WARN_64_TO_32_BIT_CONVERSION = YES;
				GCC_WARN_ABOUT_RETURN_TYPE = YES_ERROR;
				GCC_WARN_UNDECLARED_SELECTOR = YES;
				GCC_WARN_UNINITIALIZED_AUTOS = YES_AGGRESSIVE;
				GCC_WARN_UNUSED_FUNCTION = YES;
				GCC_WARN_UNUSED_VARIABLE = YES;
				IPHONEOS_DEPLOYMENT_TARGET = 17.2;
				LOCALIZATION_PREFERS_STRING_CATALOGS = YES;
				MTL_ENABLE_DEBUG_INFO = NO;
				MTL_FAST_MATH = YES;
				SDKROOT = iphoneos;
				SWIFT_COMPILATION_MODE = wholemodule;
				VALIDATE_PRODUCT = YES;
			};
			name = Release;
		};
		6EBB2D9F2B7CB19600B827C5 /* Debug */ = {
			isa = XCBuildConfiguration;
			buildSettings = {
				ASSETCATALOG_COMPILER_APPICON_NAME = AppIcon;
				ASSETCATALOG_COMPILER_GLOBAL_ACCENT_COLOR_NAME = AccentColor;
				CODE_SIGN_STYLE = Automatic;
				CURRENT_PROJECT_VERSION = 1;
				DEVELOPMENT_TEAM = M26LNJLX8T;
				GENERATE_INFOPLIST_FILE = YES;
				INFOPLIST_FILE = Practica_IOSAvanzado_AGGA/Info.plist;
				INFOPLIST_KEY_UIApplicationSupportsIndirectInputEvents = YES;
				INFOPLIST_KEY_UILaunchStoryboardName = LaunchScreen;
				INFOPLIST_KEY_UISupportedInterfaceOrientations_iPad = "UIInterfaceOrientationPortrait UIInterfaceOrientationPortraitUpsideDown UIInterfaceOrientationLandscapeLeft UIInterfaceOrientationLandscapeRight";
				INFOPLIST_KEY_UISupportedInterfaceOrientations_iPhone = "UIInterfaceOrientationPortrait UIInterfaceOrientationLandscapeLeft UIInterfaceOrientationLandscapeRight";
				LD_RUNPATH_SEARCH_PATHS = (
					"$(inherited)",
					"@executable_path/Frameworks",
				);
				MARKETING_VERSION = 1.0;
				PRODUCT_BUNDLE_IDENTIFIER = "com.agavgar.Practica-IOSAvanzado-AGGA";
				PRODUCT_NAME = "$(TARGET_NAME)";
				SWIFT_EMIT_LOC_STRINGS = YES;
				SWIFT_VERSION = 5.0;
				TARGETED_DEVICE_FAMILY = "1,2";
			};
			name = Debug;
		};
		6EBB2DA02B7CB19600B827C5 /* Release */ = {
			isa = XCBuildConfiguration;
			buildSettings = {
				ASSETCATALOG_COMPILER_APPICON_NAME = AppIcon;
				ASSETCATALOG_COMPILER_GLOBAL_ACCENT_COLOR_NAME = AccentColor;
				CODE_SIGN_STYLE = Automatic;
				CURRENT_PROJECT_VERSION = 1;
				DEVELOPMENT_TEAM = M26LNJLX8T;
				GENERATE_INFOPLIST_FILE = YES;
				INFOPLIST_FILE = Practica_IOSAvanzado_AGGA/Info.plist;
				INFOPLIST_KEY_UIApplicationSupportsIndirectInputEvents = YES;
				INFOPLIST_KEY_UILaunchStoryboardName = LaunchScreen;
				INFOPLIST_KEY_UISupportedInterfaceOrientations_iPad = "UIInterfaceOrientationPortrait UIInterfaceOrientationPortraitUpsideDown UIInterfaceOrientationLandscapeLeft UIInterfaceOrientationLandscapeRight";
				INFOPLIST_KEY_UISupportedInterfaceOrientations_iPhone = "UIInterfaceOrientationPortrait UIInterfaceOrientationLandscapeLeft UIInterfaceOrientationLandscapeRight";
				LD_RUNPATH_SEARCH_PATHS = (
					"$(inherited)",
					"@executable_path/Frameworks",
				);
				MARKETING_VERSION = 1.0;
				PRODUCT_BUNDLE_IDENTIFIER = "com.agavgar.Practica-IOSAvanzado-AGGA";
				PRODUCT_NAME = "$(TARGET_NAME)";
				SWIFT_EMIT_LOC_STRINGS = YES;
				SWIFT_VERSION = 5.0;
				TARGETED_DEVICE_FAMILY = "1,2";
			};
			name = Release;
		};
		6EBB2DA22B7CB19600B827C5 /* Debug */ = {
			isa = XCBuildConfiguration;
			buildSettings = {
				ALWAYS_EMBED_SWIFT_STANDARD_LIBRARIES = YES;
				BUNDLE_LOADER = "$(TEST_HOST)";
				CODE_SIGN_STYLE = Automatic;
				CURRENT_PROJECT_VERSION = 1;
				DEVELOPMENT_TEAM = M26LNJLX8T;
				GENERATE_INFOPLIST_FILE = YES;
				IPHONEOS_DEPLOYMENT_TARGET = 17.2;
				MARKETING_VERSION = 1.0;
				PRODUCT_BUNDLE_IDENTIFIER = "com.agavgar.Practica-IOSAvanzado-AGGATests";
				PRODUCT_NAME = "$(TARGET_NAME)";
				SWIFT_EMIT_LOC_STRINGS = NO;
				SWIFT_VERSION = 5.0;
				TARGETED_DEVICE_FAMILY = "1,2";
				TEST_HOST = "$(BUILT_PRODUCTS_DIR)/Practica_IOSAvanzado_AGGA.app/$(BUNDLE_EXECUTABLE_FOLDER_PATH)/Practica_IOSAvanzado_AGGA";
			};
			name = Debug;
		};
		6EBB2DA32B7CB19600B827C5 /* Release */ = {
			isa = XCBuildConfiguration;
			buildSettings = {
				ALWAYS_EMBED_SWIFT_STANDARD_LIBRARIES = YES;
				BUNDLE_LOADER = "$(TEST_HOST)";
				CODE_SIGN_STYLE = Automatic;
				CURRENT_PROJECT_VERSION = 1;
				DEVELOPMENT_TEAM = M26LNJLX8T;
				GENERATE_INFOPLIST_FILE = YES;
				IPHONEOS_DEPLOYMENT_TARGET = 17.2;
				MARKETING_VERSION = 1.0;
				PRODUCT_BUNDLE_IDENTIFIER = "com.agavgar.Practica-IOSAvanzado-AGGATests";
				PRODUCT_NAME = "$(TARGET_NAME)";
				SWIFT_EMIT_LOC_STRINGS = NO;
				SWIFT_VERSION = 5.0;
				TARGETED_DEVICE_FAMILY = "1,2";
				TEST_HOST = "$(BUILT_PRODUCTS_DIR)/Practica_IOSAvanzado_AGGA.app/$(BUNDLE_EXECUTABLE_FOLDER_PATH)/Practica_IOSAvanzado_AGGA";
			};
			name = Release;
		};
		6EBB2DA52B7CB19600B827C5 /* Debug */ = {
			isa = XCBuildConfiguration;
			buildSettings = {
				ALWAYS_EMBED_SWIFT_STANDARD_LIBRARIES = YES;
				CODE_SIGN_STYLE = Automatic;
				CURRENT_PROJECT_VERSION = 1;
				DEVELOPMENT_TEAM = M26LNJLX8T;
				GENERATE_INFOPLIST_FILE = YES;
				MARKETING_VERSION = 1.0;
				PRODUCT_BUNDLE_IDENTIFIER = "com.agavgar.Practica-IOSAvanzado-AGGAUITests";
				PRODUCT_NAME = "$(TARGET_NAME)";
				SWIFT_EMIT_LOC_STRINGS = NO;
				SWIFT_VERSION = 5.0;
				TARGETED_DEVICE_FAMILY = "1,2";
				TEST_TARGET_NAME = Practica_IOSAvanzado_AGGA;
			};
			name = Debug;
		};
		6EBB2DA62B7CB19600B827C5 /* Release */ = {
			isa = XCBuildConfiguration;
			buildSettings = {
				ALWAYS_EMBED_SWIFT_STANDARD_LIBRARIES = YES;
				CODE_SIGN_STYLE = Automatic;
				CURRENT_PROJECT_VERSION = 1;
				DEVELOPMENT_TEAM = M26LNJLX8T;
				GENERATE_INFOPLIST_FILE = YES;
				MARKETING_VERSION = 1.0;
				PRODUCT_BUNDLE_IDENTIFIER = "com.agavgar.Practica-IOSAvanzado-AGGAUITests";
				PRODUCT_NAME = "$(TARGET_NAME)";
				SWIFT_EMIT_LOC_STRINGS = NO;
				SWIFT_VERSION = 5.0;
				TARGETED_DEVICE_FAMILY = "1,2";
				TEST_TARGET_NAME = Practica_IOSAvanzado_AGGA;
			};
			name = Release;
		};
/* End XCBuildConfiguration section */

/* Begin XCConfigurationList section */
		6EBB2D6F2B7CB19500B827C5 /* Build configuration list for PBXProject "Practica_IOSAvanzado_AGGA" */ = {
			isa = XCConfigurationList;
			buildConfigurations = (
				6EBB2D9C2B7CB19600B827C5 /* Debug */,
				6EBB2D9D2B7CB19600B827C5 /* Release */,
			);
			defaultConfigurationIsVisible = 0;
			defaultConfigurationName = Release;
		};
		6EBB2D9E2B7CB19600B827C5 /* Build configuration list for PBXNativeTarget "Practica_IOSAvanzado_AGGA" */ = {
			isa = XCConfigurationList;
			buildConfigurations = (
				6EBB2D9F2B7CB19600B827C5 /* Debug */,
				6EBB2DA02B7CB19600B827C5 /* Release */,
			);
			defaultConfigurationIsVisible = 0;
			defaultConfigurationName = Release;
		};
		6EBB2DA12B7CB19600B827C5 /* Build configuration list for PBXNativeTarget "Practica_IOSAvanzado_AGGATests" */ = {
			isa = XCConfigurationList;
			buildConfigurations = (
				6EBB2DA22B7CB19600B827C5 /* Debug */,
				6EBB2DA32B7CB19600B827C5 /* Release */,
			);
			defaultConfigurationIsVisible = 0;
			defaultConfigurationName = Release;
		};
		6EBB2DA42B7CB19600B827C5 /* Build configuration list for PBXNativeTarget "Practica_IOSAvanzado_AGGAUITests" */ = {
			isa = XCConfigurationList;
			buildConfigurations = (
				6EBB2DA52B7CB19600B827C5 /* Debug */,
				6EBB2DA62B7CB19600B827C5 /* Release */,
			);
			defaultConfigurationIsVisible = 0;
			defaultConfigurationName = Release;
		};
/* End XCConfigurationList section */

/* Begin XCRemoteSwiftPackageReference section */
		6E6A33B72B85508000E18333 /* XCRemoteSwiftPackageReference "keychain-swift" */ = {
			isa = XCRemoteSwiftPackageReference;
			repositoryURL = "https://github.com/evgenyneu/keychain-swift";
			requirement = {
				kind = exactVersion;
				version = 21.0.0;
			};
		};
/* End XCRemoteSwiftPackageReference section */

/* Begin XCSwiftPackageProductDependency section */
		6E6A33B82B85508000E18333 /* KeychainSwift */ = {
			isa = XCSwiftPackageProductDependency;
			package = 6E6A33B72B85508000E18333 /* XCRemoteSwiftPackageReference "keychain-swift" */;
			productName = KeychainSwift;
		};
/* End XCSwiftPackageProductDependency section */

/* Begin XCVersionGroup section */
		6EBB2DAF2B7CB30500B827C5 /* Model.xcdatamodeld */ = {
			isa = XCVersionGroup;
			children = (
				6EBB2DB02B7CB30500B827C5 /* Model.xcdatamodel */,
			);
			currentVersion = 6EBB2DB02B7CB30500B827C5 /* Model.xcdatamodel */;
			path = Model.xcdatamodeld;
			sourceTree = "<group>";
			versionGroupType = wrapper.xcdatamodel;
		};
/* End XCVersionGroup section */
	};
	rootObject = 6EBB2D6C2B7CB19500B827C5 /* Project object */;
}
